dependencies:
- name: common
  repository: https://charts.bitnami.com/bitnami
  version: 2.31.4
- name: kube-prometheus-stack
  repository: https://prometheus-community.github.io/helm-charts
  version: 79.4.1
- name: prometheus-adapter
  repository: https://prometheus-community.github.io/helm-charts
  version: 5.2.0
- name: metrics-server
  repository: https://kubernetes-sigs.github.io/metrics-server
  version: 3.13.0
digest: sha256:c8d035c6056d8dcadbccdb31773a1aba93dcac359110b4cab824e85c6347e419
generated: "2025-11-10T23:45:15.753865075Z"
