dependencies:
- name: base
  repository: https://istio-release.storage.googleapis.com/charts
  version: 1.28.3
- name: istiod
  repository: https://istio-release.storage.googleapis.com/charts
  version: 1.28.3
- name: gateway
  repository: https://istio-release.storage.googleapis.com/charts
  version: 1.28.3
digest: sha256:8a526afa533c1c3cd492f909e3619243ca095a9058f25e58ec5b48b9e33e5933
generated: "2026-01-30T09:40:51.7782771-03:00"
