dependencies:
- name: base
  repository: https://istio-release.storage.googleapis.com/charts
  version: 1.30.5
- name: istiod
  repository: https://istio-release.storage.googleapis.com/charts
  version: 1.30.5
digest: sha256:9b3d6d7bd401e759e41cc924fd0624e7eda5d5fd583992826d1e9a35962c4593
generated: "2026-09-23T07:44:39.619325338-03:00"
