dependencies:
- name: fluent-bit
  repository: https://fluent.github.io/helm-charts/
  version: 0.53.0
- name: loki
  repository: https://grafana.github.io/helm-charts/
  version: 6.41.0
digest: sha256:f2a8483fe1cc90a295700f9933f5f1f24459c3d34e58f2b052bfe3af832e01ed
generated: "2025-09-25T12:12:11.283214123-03:00"
