dependencies:
- name: fluent-bit
  repository: https://fluent.github.io/helm-charts/
  version: 0.54.0
- name: loki
  repository: https://grafana.github.io/helm-charts/
  version: 6.49.0
digest: sha256:ca1b991ffbcaea910362ce65ffbbebee702b0228c049c771be3c30ee05e52d3a
generated: "2025-12-29T14:58:44.622570958Z"
